// !$*UTF8*$!
{
	archiveVersion = 1;
	classes = {
	};
	objectVersion = 50;
	objects = {

/* Begin PBXBuildFile section */
		0DA6C4B035075E6EB12A1DF8 /* Pods_iOSFirebase.framework in Frameworks */ = {isa = PBXBuildFile; fileRef = A5C26E540C05B2D4239BBC2F /* Pods_iOSFirebase.framework */; };
		77D82C1E248B8A280066CA24 /* AppDelegate.swift in Sources */ = {isa = PBXBuildFile; fileRef = 77D82C1D248B8A280066CA24 /* AppDelegate.swift */; };
		77D82C20248B8A280066CA24 /* SceneDelegate.swift in Sources */ = {isa = PBXBuildFile; fileRef = 77D82C1F248B8A280066CA24 /* SceneDelegate.swift */; };
		77D82C22248B8A280066CA24 /* ViewController.swift in Sources */ = {isa = PBXBuildFile; fileRef = 77D82C21248B8A280066CA24 /* ViewController.swift */; };
		77D82C25248B8A280066CA24 /* Main.storyboard in Resources */ = {isa = PBXBuildFile; fileRef = 77D82C23248B8A280066CA24 /* Main.storyboard */; };
		77D82C27248B8A290066CA24 /* Assets.xcassets in Resources */ = {isa = PBXBuildFile; fileRef = 77D82C26248B8A290066CA24 /* Assets.xcassets */; };
		77D82C2A248B8A290066CA24 /* LaunchScreen.storyboard in Resources */ = {isa = PBXBuildFile; fileRef = 77D82C28248B8A290066CA24 /* LaunchScreen.storyboard */; };
		77D82C32248B8BCA0066CA24 /* GoogleService-Info.plist in Resources */ = {isa = PBXBuildFile; fileRef = 77D82C31248B8BCA0066CA24 /* GoogleService-Info.plist */; };
/* End PBXBuildFile section */

/* Begin PBXFileReference section */
		5C5138F5E8DB7C7D18E0DA52 /* Pods-iOSFirebase.debug.xcconfig */ = {isa = PBXFileReference; includeInIndex = 1; lastKnownFileType = text.xcconfig; name = "Pods-iOSFirebase.debug.xcconfig"; path = "Target Support Files/Pods-iOSFirebase/Pods-iOSFirebase.debug.xcconfig"; sourceTree = "<group>"; };
		77D82C1A248B8A280066CA24 /* iOSFirebase.app */ = {isa = PBXFileReference; explicitFileType = wrapper.application; includeInIndex = 0; path = iOSFirebase.app; sourceTree = BUILT_PRODUCTS_DIR; };
		77D82C1D248B8A280066CA24 /* AppDelegate.swift */ = {isa = PBXFileReference; lastKnownFileType = sourcecode.swift; path = AppDelegate.swift; sourceTree = "<group>"; };
		77D82C1F248B8A280066CA24 /* SceneDelegate.swift */ = {isa = PBXFileReference; lastKnownFileType = sourcecode.swift; path = SceneDelegate.swift; sourceTree = "<group>"; };
		77D82C21248B8A280066CA24 /* ViewController.swift */ = {isa = PBXFileReference; lastKnownFileType = sourcecode.swift; path = ViewController.swift; sourceTree = "<group>"; };
		77D82C24248B8A280066CA24 /* Base */ = {isa = PBXFileReference; lastKnownFileType = file.storyboard; name = Base; path = Base.lproj/Main.storyboard; sourceTree = "<group>"; };
		77D82C26248B8A290066CA24 /* Assets.xcassets */ = {isa = PBXFileReference; lastKnownFileType = folder.assetcatalog; path = Assets.xcassets; sourceTree = "<group>"; };
		77D82C29248B8A290066CA24 /* Base */ = {isa = PBXFileReference; lastKnownFileType = file.storyboard; name = Base; path = Base.lproj/LaunchScreen.storyboard; sourceTree = "<group>"; };
		77D82C2B248B8A290066CA24 /* Info.plist */ = {isa = PBXFileReference; lastKnownFileType = text.plist.xml; path = Info.plist; sourceTree = "<group>"; };
		77D82C31248B8BCA0066CA24 /* GoogleService-Info.plist */ = {isa = PBXFileReference; fileEncoding = 4; lastKnownFileType = text.plist.xml; path = "GoogleService-Info.plist"; sourceTree = "<group>"; };
		A5C26E540C05B2D4239BBC2F /* Pods_iOSFirebase.framework */ = {isa = PBXFileReference; explicitFileType = wrapper.framework; includeInIndex = 0; path = Pods_iOSFirebase.framework; sourceTree = BUILT_PRODUCTS_DIR; };
		B44A5B7DC9496A34D7F98E70 /* Pods-iOSFirebase.release.xcconfig */ = {isa = PBXFileReference; includeInIndex = 1; lastKnownFileType = text.xcconfig; name = "Pods-iOSFirebase.release.xcconfig"; path = "Target Support Files/Pods-iOSFirebase/Pods-iOSFirebase.release.xcconfig"; sourceTree = "<group>"; };
/* End PBXFileReference section */

/* Begin PBXFrameworksBuildPhase section */
		77D82C17248B8A280066CA24 /* Frameworks */ = {
			isa = PBXFrameworksBuildPhase;
			buildActionMask = 2147483647;
			files = (
				0DA6C4B035075E6EB12A1DF8 /* Pods_iOSFirebase.framework in Frameworks */,
			);
			runOnlyForDeploymentPostprocessing = 0;
		};
/* End PBXFrameworksBuildPhase section */

/* Begin PBXGroup section */
		77D82C11248B8A280066CA24 = {
			isa = PBXGroup;
			children = (
				77D82C1C248B8A280066CA24 /* iOSFirebase */,
				77D82C1B248B8A280066CA24 /* Products */,
				9886B0D4F8B99AAF53723006 /* Pods */,
				84D3A95B27F65FE0D63F525E /* Frameworks */,
			);
			sourceTree = "<group>";
		};
		77D82C1B248B8A280066CA24 /* Products */ = {
			isa = PBXGroup;
			children = (
				77D82C1A248B8A280066CA24 /* iOSFirebase.app */,
			);
			name = Products;
			sourceTree = "<group>";
		};
		77D82C1C248B8A280066CA24 /* iOSFirebase */ = {
			isa = PBXGroup;
			children = (
				77D82C1D248B8A280066CA24 /* AppDelegate.swift */,
				77D82C1F248B8A280066CA24 /* SceneDelegate.swift */,
				77D82C21248B8A280066CA24 /* ViewController.swift */,
				77D82C23248B8A280066CA24 /* Main.storyboard */,
				77D82C26248B8A290066CA24 /* Assets.xcassets */,
				77D82C28248B8A290066CA24 /* LaunchScreen.storyboard */,
				77D82C2B248B8A290066CA24 /* Info.plist */,
				77D82C31248B8BCA0066CA24 /* GoogleService-Info.plist */,
			);
			path = iOSFirebase;
			sourceTree = "<group>";
		};
		84D3A95B27F65FE0D63F525E /* Frameworks */ = {
			isa = PBXGroup;
			children = (
				A5C26E540C05B2D4239BBC2F /* Pods_iOSFirebase.framework */,
			);
			name = Frameworks;
			sourceTree = "<group>";
		};
		9886B0D4F8B99AAF53723006 /* Pods */ = {
			isa = PBXGroup;
			children = (
				5C5138F5E8DB7C7D18E0DA52 /* Pods-iOSFirebase.debug.xcconfig */,
				B44A5B7DC9496A34D7F98E70 /* Pods-iOSFirebase.release.xcconfig */,
			);
			name = Pods;
			path = Pods;
			sourceTree = "<group>";
		};
/* End PBXGroup section */

/* Begin PBXNativeTarget section */
		77D82C19248B8A280066CA24 /* iOSFirebase */ = {
			isa = PBXNativeTarget;
			buildConfigurationList = 77D82C2E248B8A290066CA24 /* Build configuration list for PBXNativeTarget "iOSFirebase" */;
			buildPhases = (
				13C79441B7F761A68265589F /* [CP] Check Pods Manifest.lock */,
				77D82C16248B8A280066CA24 /* Sources */,
				77D82C17248B8A280066CA24 /* Frameworks */,
				77D82C18248B8A280066CA24 /* Resources */,
				A43A9C6C40314BA4941F25AF /* [CP] Embed Pods Frameworks */,
			);
			buildRules = (
			);
			dependencies = (
			);
			name = iOSFirebase;
			productName = iOSFirebase;
			productReference = 77D82C1A248B8A280066CA24 /* iOSFirebase.app */;
			productType = "com.apple.product-type.application";
		};
/* End PBXNativeTarget section */

/* Begin PBXProject section */
		77D82C12248B8A280066CA24 /* Project object */ = {
			isa = PBXProject;
			attributes = {
				LastSwiftUpdateCheck = 1150;
				LastUpgradeCheck = 1150;
				ORGANIZATIONNAME = ozofweird;
				TargetAttributes = {
					77D82C19248B8A280066CA24 = {
						CreatedOnToolsVersion = 11.5;
					};
				};
			};
			buildConfigurationList = 77D82C15248B8A280066CA24 /* Build configuration list for PBXProject "iOSFirebase" */;
			compatibilityVersion = "Xcode 9.3";
			developmentRegion = en;
			hasScannedForEncodings = 0;
			knownRegions = (
				en,
				Base,
			);
			mainGroup = 77D82C11248B8A280066CA24;
			productRefGroup = 77D82C1B248B8A280066CA24 /* Products */;
			projectDirPath = "";
			projectRoot = "";
			targets = (
				77D82C19248B8A280066CA24 /* iOSFirebase */,
			);
		};
/* End PBXProject section */

/* Begin PBXResourcesBuildPhase section */
		77D82C18248B8A280066CA24 /* Resources */ = {
			isa = PBXResourcesBuildPhase;
			buildActionMask = 2147483647;
			files = (
				77D82C2A248B8A290066CA24 /* LaunchScreen.storyboard in Resources */,
				77D82C32248B8BCA0066CA24 /* GoogleService-Info.plist in Resources */,
				77D82C27248B8A290066CA24 /* Assets.xcassets in Resources */,
				77D82C25248B8A280066CA24 /* Main.storyboard in Resources */,
			);
			runOnlyForDeploymentPostprocessing = 0;
		};
/* End PBXResourcesBuildPhase section */

/* Begin PBXShellScriptBuildPhase section */
		13C79441B7F761A68265589F /* [CP] Check Pods Manifest.lock */ = {
			isa = PBXShellScriptBuildPhase;
			buildActionMask = 2147483647;
			files = (
			);
			inputFileListPaths = (
			);
			inputPaths = (
				"${PODS_PODFILE_DIR_PATH}/Podfile.lock",
				"${PODS_ROOT}/Manifest.lock",
			);
			name = "[CP] Check Pods Manifest.lock";
			outputFileListPaths = (
			);
			outputPaths = (
				"$(DERIVED_FILE_DIR)/Pods-iOSFirebase-checkManifestLockResult.txt",
			);
			runOnlyForDeploymentPostprocessing = 0;
			shellPath = /bin/sh;
			shellScript = "diff \"${PODS_PODFILE_DIR_PATH}/Podfile.lock\" \"${PODS_ROOT}/Manifest.lock\" > /dev/null\nif [ $? != 0 ] ; then\n    # print error to STDERR\n    echo \"error: The sandbox is not in sync with the Podfile.lock. Run 'pod install' or update your CocoaPods installation.\" >&2\n    exit 1\nfi\n# This output is used by Xcode 'outputs' to avoid re-running this script phase.\necho \"SUCCESS\" > \"${SCRIPT_OUTPUT_FILE_0}\"\n";
			showEnvVarsInLog = 0;
		};
		A43A9C6C40314BA4941F25AF /* [CP] Embed Pods Frameworks */ = {
			isa = PBXShellScriptBuildPhase;
			buildActionMask = 2147483647;
			files = (
			);
			inputFileListPaths = (
				"${PODS_ROOT}/Target Support Files/Pods-iOSFirebase/Pods-iOSFirebase-frameworks-${CONFIGURATION}-input-files.xcfilelist",
			);
			name = "[CP] Embed Pods Frameworks";
			outputFileListPaths = (
				"${PODS_ROOT}/Target Support Files/Pods-iOSFirebase/Pods-iOSFirebase-frameworks-${CONFIGURATION}-output-files.xcfilelist",
			);
			runOnlyForDeploymentPostprocessing = 0;
			shellPath = /bin/sh;
			shellScript = "\"${PODS_ROOT}/Target Support Files/Pods-iOSFirebase/Pods-iOSFirebase-frameworks.sh\"\n";
			showEnvVarsInLog = 0;
		};
/* End PBXShellScriptBuildPhase section */

/* Begin PBXSourcesBuildPhase section */
		77D82C16248B8A280066CA24 /* Sources */ = {
			isa = PBXSourcesBuildPhase;
			buildActionMask = 2147483647;
			files = (
				77D82C22248B8A280066CA24 /* ViewController.swift in Sources */,
				77D82C1E248B8A280066CA24 /* AppDelegate.swift in Sources */,
				77D82C20248B8A280066CA24 /* SceneDelegate.swift in Sources */,
			);
			runOnlyForDeploymentPostprocessing = 0;
		};
/* End PBXSourcesBuildPhase section */

/* Begin PBXVariantGroup section */
		77D82C23248B8A280066CA24 /* Main.storyboard */ = {
			isa = PBXVariantGroup;
			children = (
				77D82C24248B8A280066CA24 /* Base */,
			);
			name = Main.storyboard;
			sourceTree = "<group>";
		};
		77D82C28248B8A290066CA24 /* LaunchScreen.storyboard */ = {
			isa = PBXVariantGroup;
			children = (
				77D82C29248B8A290066CA24 /* Base */,
			);
			name = LaunchScreen.storyboard;
			sourceTree = "<group>";
		};
/* End PBXVariantGroup section */

/* Begin XCBuildConfiguration section */
		77D82C2C248B8A290066CA24 /* Debug */ = {
			isa = XCBuildConfiguration;
			buildSettings = {
				ALWAYS_SEARCH_USER_PATHS = NO;
				CLANG_ANALYZER_NONNULL = YES;
				CLANG_ANALYZER_NUMBER_OBJECT_CONVERSION = YES_AGGRESSIVE;
				CLANG_CXX_LANGUAGE_STANDARD = "gnu++14";
				CLANG_CXX_LIBRARY = "libc++";
				CLANG_ENABLE_MODULES = YES;
				CLANG_ENABLE_OBJC_ARC = YES;
				CLANG_ENABLE_OBJC_WEAK = YES;
				CLANG_WARN_BLOCK_CAPTURE_AUTORELEASING = YES;
				CLANG_WARN_BOOL_CONVERSION = YES;
				CLANG_WARN_COMMA = YES;
				CLANG_WARN_CONSTANT_CONVERSION = YES;
				CLANG_WARN_DEPRECATED_OBJC_IMPLEMENTATIONS = YES;
				CLANG_WARN_DIRECT_OBJC_ISA_USAGE = YES_ERROR;
				CLANG_WARN_DOCUMENTATION_COMMENTS = YES;
				CLANG_WARN_EMPTY_BODY = YES;
				CLANG_WARN_ENUM_CONVERSION = YES;
				CLANG_WARN_INFINITE_RECURSION = YES;
				CLANG_WARN_INT_CONVERSION = YES;
				CLANG_WARN_NON_LITERAL_NULL_CONVERSION = YES;
				CLANG_WARN_OBJC_IMPLICIT_RETAIN_SELF = YES;
				CLANG_WARN_OBJC_LITERAL_CONVERSION = YES;
				CLANG_WARN_OBJC_ROOT_CLASS = YES_ERROR;
				CLANG_WARN_RANGE_LOOP_ANALYSIS = YES;
				CLANG_WARN_STRICT_PROTOTYPES = YES;
				CLANG_WARN_SUSPICIOUS_MOVE = YES;
				CLANG_WARN_UNGUARDED_AVAILABILITY = YES_AGGRESSIVE;
				CLANG_WARN_UNREACHABLE_CODE = YES;
				CLANG_WARN__DUPLICATE_METHOD_MATCH = YES;
				COPY_PHASE_STRIP = NO;
				DEBUG_INFORMATION_FORMAT = dwarf;
				ENABLE_STRICT_OBJC_MSGSEND = YES;
				ENABLE_TESTABILITY = YES;
				GCC_C_LANGUAGE_STANDARD = gnu11;
				GCC_DYNAMIC_NO_PIC = NO;
				GCC_NO_COMMON_BLOCKS = YES;
				GCC_OPTIMIZATION_LEVEL = 0;
				GCC_PREPROCESSOR_DEFINITIONS = (
					"DEBUG=1",
					"$(inherited)",
				);
				GCC_WARN_64_TO_32_BIT_CONVERSION = YES;
				GCC_WARN_ABOUT_RETURN_TYPE = YES_ERROR;
				GCC_WARN_UNDECLARED_SELECTOR = YES;
				GCC_WARN_UNINITIALIZED_AUTOS = YES_AGGRESSIVE;
				GCC_WARN_UNUSED_FUNCTION = YES;
				GCC_WARN_UNUSED_VARIABLE = YES;
				IPHONEOS_DEPLOYMENT_TARGET = 13.5;
				MTL_ENABLE_DEBUG_INFO = INCLUDE_SOURCE;
				MTL_FAST_MATH = YES;
				ONLY_ACTIVE_ARCH = YES;
				SDKROOT = iphoneos;
				SWIFT_ACTIVE_COMPILATION_CONDITIONS = DEBUG;
				SWIFT_OPTIMIZATION_LEVEL = "-Onone";
			};
			name = Debug;
		};
		77D82C2D248B8A290066CA24 /* Release */ = {
			isa = XCBuildConfiguration;
			buildSettings = {
				ALWAYS_SEARCH_USER_PATHS = NO;
				CLANG_ANALYZER_NONNULL = YES;
				CLANG_ANALYZER_NUMBER_OBJECT_CONVERSION = YES_AGGRESSIVE;
				CLANG_CXX_LANGUAGE_STANDARD = "gnu++14";
				CLANG_CXX_LIBRARY = "libc++";
				CLANG_ENABLE_MODULES = YES;
				CLANG_ENABLE_OBJC_ARC = YES;
				CLANG_ENABLE_OBJC_WEAK = YES;
				CLANG_WARN_BLOCK_CAPTURE_AUTORELEASING = YES;
				CLANG_WARN_BOOL_CONVERSION = YES;
				CLANG_WARN_COMMA = YES;
				CLANG_WARN_CONSTANT_CONVERSION = YES;
				CLANG_WARN_DEPRECATED_OBJC_IMPLEMENTATIONS = YES;
				CLANG_WARN_DIRECT_OBJC_ISA_USAGE = YES_ERROR;
				CLANG_WARN_DOCUMENTATION_COMMENTS = YES;
				CLANG_WARN_EMPTY_BODY = YES;
				CLANG_WARN_ENUM_CONVERSION = YES;
				CLANG_WARN_INFINITE_RECURSION = YES;
				CLANG_WARN_INT_CONVERSION = YES;
				CLANG_WARN_NON_LITERAL_NULL_CONVERSION = YES;
				CLANG_WARN_OBJC_IMPLICIT_RETAIN_SELF = YES;
				CLANG_WARN_OBJC_LITERAL_CONVERSION = YES;
				CLANG_WARN_OBJC_ROOT_CLASS = YES_ERROR;
				CLANG_WARN_RANGE_LOOP_ANALYSIS = YES;
				CLANG_WARN_STRICT_PROTOTYPES = YES;
				CLANG_WARN_SUSPICIOUS_MOVE = YES;
				CLANG_WARN_UNGUARDED_AVAILABILITY = YES_AGGRESSIVE;
				CLANG_WARN_UNREACHABLE_CODE = YES;
				CLANG_WARN__DUPLICATE_METHOD_MATCH = YES;
				COPY_PHASE_STRIP = NO;
				DEBUG_INFORMATION_FORMAT = "dwarf-with-dsym";
				ENABLE_NS_ASSERTIONS = NO;
				ENABLE_STRICT_OBJC_MSGSEND = YES;
				GCC_C_LANGUAGE_STANDARD = gnu11;
				GCC_NO_COMMON_BLOCKS = YES;
				GCC_WARN_64_TO_32_BIT_CONVERSION = YES;
				GCC_WARN_ABOUT_RETURN_TYPE = YES_ERROR;
				GCC_WARN_UNDECLARED_SELECTOR = YES;
				GCC_WARN_UNINITIALIZED_AUTOS = YES_AGGRESSIVE;
				GCC_WARN_UNUSED_FUNCTION = YES;
				GCC_WARN_UNUSED_VARIABLE = YES;
				IPHONEOS_DEPLOYMENT_TARGET = 13.5;
				MTL_ENABLE_DEBUG_INFO = NO;
				MTL_FAST_MATH = YES;
				SDKROOT = iphoneos;
				SWIFT_COMPILATION_MODE = wholemodule;
				SWIFT_OPTIMIZATION_LEVEL = "-O";
				VALIDATE_PRODUCT = YES;
			};
			name = Release;
		};
		77D82C2F248B8A290066CA24 /* Debug */ = {
			isa = XCBuildConfiguration;
			baseConfigurationReference = 5C5138F5E8DB7C7D18E0DA52 /* Pods-iOSFirebase.debug.xcconfig */;
			buildSettings = {
				ASSETCATALOG_COMPILER_APPICON_NAME = AppIcon;
				CODE_SIGN_STYLE = Automatic;
				INFOPLIST_FILE = iOSFirebase/Info.plist;
				LD_RUNPATH_SEARCH_PATHS = (
					"$(inherited)",
					"@executable_path/Frameworks",
				);
				PRODUCT_BUNDLE_IDENTIFIER = net.ahn.iOSFirebase;
				PRODUCT_NAME = "$(TARGET_NAME)";
				SWIFT_VERSION = 5.0;
				TARGETED_DEVICE_FAMILY = "1,2";
			};
			name = Debug;
		};
		77D82C30248B8A290066CA24 /* Release */ = {
			isa = XCBuildConfiguration;
			baseConfigurationReference = B44A5B7DC9496A34D7F98E70 /* Pods-iOSFirebase.release.xcconfig */;
			buildSettings = {
				ASSETCATALOG_COMPILER_APPICON_NAME = AppIcon;
				CODE_SIGN_STYLE = Automatic;
				INFOPLIST_FILE = iOSFirebase/Info.plist;
				LD_RUNPATH_SEARCH_PATHS = (
					"$(inherited)",
					"@executable_path/Frameworks",
				);
				PRODUCT_BUNDLE_IDENTIFIER = net.ahn.iOSFirebase;
				PRODUCT_NAME = "$(TARGET_NAME)";
				SWIFT_VERSION = 5.0;
				TARGETED_DEVICE_FAMILY = "1,2";
			};
			name = Release;
		};
/* End XCBuildConfiguration section */

/* Begin XCConfigurationList section */
		77D82C15248B8A280066CA24 /* Build configuration list for PBXProject "iOSFirebase" */ = {
			isa = XCConfigurationList;
			buildConfigurations = (
				77D82C2C248B8A290066CA24 /* Debug */,
				77D82C2D248B8A290066CA24 /* Release */,
			);
			defaultConfigurationIsVisible = 0;
			defaultConfigurationName = Release;
		};
		77D82C2E248B8A290066CA24 /* Build configuration list for PBXNativeTarget "iOSFirebase" */ = {
			isa = XCConfigurationList;
			buildConfigurations = (
				77D82C2F248B8A290066CA24 /* Debug */,
				77D82C30248B8A290066CA24 /* Release */,
			);
			defaultConfigurationIsVisible = 0;
			defaultConfigurationName = Release;
		};
/* End XCConfigurationList section */
	};
	rootObject = 77D82C12248B8A280066CA24 /* Project object */;
}
